// !$*UTF8*$!
{
	archiveVersion = 1;
	classes = {
	};
	objectVersion = 50;
	objects = {

/* Begin PBXBuildFile section */
		DBFC265A24A088ED00673E11 /* AppDelegate.swift in Sources */ = {isa = PBXBuildFile; fileRef = DBFC265924A088ED00673E11 /* AppDelegate.swift */; };
		DBFC265C24A088ED00673E11 /* SceneDelegate.swift in Sources */ = {isa = PBXBuildFile; fileRef = DBFC265B24A088ED00673E11 /* SceneDelegate.swift */; };
		DBFC265E24A088ED00673E11 /* TaskListView.swift in Sources */ = {isa = PBXBuildFile; fileRef = DBFC265D24A088ED00673E11 /* TaskListView.swift */; };
		DBFC266024A088F300673E11 /* Assets.xcassets in Resources */ = {isa = PBXBuildFile; fileRef = DBFC265F24A088F300673E11 /* Assets.xcassets */; };
		DBFC266324A088F300673E11 /* Preview Assets.xcassets in Resources */ = {isa = PBXBuildFile; fileRef = DBFC266224A088F300673E11 /* Preview Assets.xcassets */; };
		DBFC266624A088F300673E11 /* LaunchScreen.storyboard in Resources */ = {isa = PBXBuildFile; fileRef = DBFC266424A088F300673E11 /* LaunchScreen.storyboard */; };
		DBFC266F24A0938F00673E11 /* Task.swift in Sources */ = {isa = PBXBuildFile; fileRef = DBFC266E24A0938F00673E11 /* Task.swift */; };
/* End PBXBuildFile section */

/* Begin PBXFileReference section */
		DBFC265624A088ED00673E11 /* swift-todo.app */ = {isa = PBXFileReference; explicitFileType = wrapper.application; includeInIndex = 0; path = "swift-todo.app"; sourceTree = BUILT_PRODUCTS_DIR; };
		DBFC265924A088ED00673E11 /* AppDelegate.swift */ = {isa = PBXFileReference; lastKnownFileType = sourcecode.swift; path = AppDelegate.swift; sourceTree = "<group>"; };
		DBFC265B24A088ED00673E11 /* SceneDelegate.swift */ = {isa = PBXFileReference; lastKnownFileType = sourcecode.swift; path = SceneDelegate.swift; sourceTree = "<group>"; };
		DBFC265D24A088ED00673E11 /* TaskListView.swift */ = {isa = PBXFileReference; lastKnownFileType = sourcecode.swift; path = TaskListView.swift; sourceTree = "<group>"; };
		DBFC265F24A088F300673E11 /* Assets.xcassets */ = {isa = PBXFileReference; lastKnownFileType = folder.assetcatalog; path = Assets.xcassets; sourceTree = "<group>"; };
		DBFC266224A088F300673E11 /* Preview Assets.xcassets */ = {isa = PBXFileReference; lastKnownFileType = folder.assetcatalog; path = "Preview Assets.xcassets"; sourceTree = "<group>"; };
		DBFC266524A088F300673E11 /* Base */ = {isa = PBXFileReference; lastKnownFileType = file.storyboard; name = Base; path = Base.lproj/LaunchScreen.storyboard; sourceTree = "<group>"; };
		DBFC266724A088F300673E11 /* Info.plist */ = {isa = PBXFileReference; lastKnownFileType = text.plist.xml; path = Info.plist; sourceTree = "<group>"; };
		DBFC266E24A0938F00673E11 /* Task.swift */ = {isa = PBXFileReference; lastKnownFileType = sourcecode.swift; path = Task.swift; sourceTree = "<group>"; };
/* End PBXFileReference section */

/* Begin PBXFrameworksBuildPhase section */
		DBFC265324A088ED00673E11 /* Frameworks */ = {
			isa = PBXFrameworksBuildPhase;
			buildActionMask = 2147483647;
			files = (
			);
			runOnlyForDeploymentPostprocessing = 0;
		};
/* End PBXFrameworksBuildPhase section */

/* Begin PBXGroup section */
		DBFC264D24A088ED00673E11 = {
			isa = PBXGroup;
			children = (
				DBFC265824A088ED00673E11 /* swift-todo */,
				DBFC265724A088ED00673E11 /* Products */,
			);
			sourceTree = "<group>";
		};
		DBFC265724A088ED00673E11 /* Products */ = {
			isa = PBXGroup;
			children = (
				DBFC265624A088ED00673E11 /* swift-todo.app */,
			);
			name = Products;
			sourceTree = "<group>";
		};
		DBFC265824A088ED00673E11 /* swift-todo */ = {
			isa = PBXGroup;
			children = (
				DBFC267024A094D700673E11 /* App */,
				DBFC266D24A0935A00673E11 /* Model */,
				DBFC267124A094E200673E11 /* Views */,
				DBFC265F24A088F300673E11 /* Assets.xcassets */,
				DBFC266424A088F300673E11 /* LaunchScreen.storyboard */,
				DBFC266724A088F300673E11 /* Info.plist */,
				DBFC266124A088F300673E11 /* Preview Content */,
			);
			path = "swift-todo";
			sourceTree = "<group>";
		};
		DBFC266124A088F300673E11 /* Preview Content */ = {
			isa = PBXGroup;
			children = (
				DBFC266224A088F300673E11 /* Preview Assets.xcassets */,
			);
			path = "Preview Content";
			sourceTree = "<group>";
		};
		DBFC266D24A0935A00673E11 /* Model */ = {
			isa = PBXGroup;
			children = (
				DBFC266E24A0938F00673E11 /* Task.swift */,
			);
			path = Model;
			sourceTree = "<group>";
		};
		DBFC267024A094D700673E11 /* App */ = {
			isa = PBXGroup;
			children = (
				DBFC265924A088ED00673E11 /* AppDelegate.swift */,
				DBFC265B24A088ED00673E11 /* SceneDelegate.swift */,
			);
			path = App;
			sourceTree = "<group>";
		};
		DBFC267124A094E200673E11 /* Views */ = {
			isa = PBXGroup;
			children = (
				DBFC265D24A088ED00673E11 /* TaskListView.swift */,
			);
			path = Views;
			sourceTree = "<group>";
		};
/* End PBXGroup section */

/* Begin PBXNativeTarget section */
		DBFC265524A088ED00673E11 /* swift-todo */ = {
			isa = PBXNativeTarget;
			buildConfigurationList = DBFC266A24A088F300673E11 /* Build configuration list for PBXNativeTarget "swift-todo" */;
			buildPhases = (
				DBFC265224A088ED00673E11 /* Sources */,
				DBFC265324A088ED00673E11 /* Frameworks */,
				DBFC265424A088ED00673E11 /* Resources */,
			);
			buildRules = (
			);
			dependencies = (
			);
			name = "swift-todo";
			productName = "swift-todo";
			productReference = DBFC265624A088ED00673E11 /* swift-todo.app */;
			productType = "com.apple.product-type.application";
		};
/* End PBXNativeTarget section */

/* Begin PBXProject section */
		DBFC264E24A088ED00673E11 /* Project object */ = {
			isa = PBXProject;
			attributes = {
				LastSwiftUpdateCheck = 1150;
				LastUpgradeCheck = 1150;
				ORGANIZATIONNAME = "asobi-ios";
				TargetAttributes = {
					DBFC265524A088ED00673E11 = {
						CreatedOnToolsVersion = 11.5;
					};
				};
			};
			buildConfigurationList = DBFC265124A088ED00673E11 /* Build configuration list for PBXProject "swift-todo" */;
			compatibilityVersion = "Xcode 9.3";
			developmentRegion = en;
			hasScannedForEncodings = 0;
			knownRegions = (
				en,
				Base,
			);
			mainGroup = DBFC264D24A088ED00673E11;
			productRefGroup = DBFC265724A088ED00673E11 /* Products */;
			projectDirPath = "";
			projectRoot = "";
			targets = (
				DBFC265524A088ED00673E11 /* swift-todo */,
			);
		};
/* End PBXProject section */

/* Begin PBXResourcesBuildPhase section */
		DBFC265424A088ED00673E11 /* Resources */ = {
			isa = PBXResourcesBuildPhase;
			buildActionMask = 2147483647;
			files = (
				DBFC266624A088F300673E11 /* LaunchScreen.storyboard in Resources */,
				DBFC266324A088F300673E11 /* Preview Assets.xcassets in Resources */,
				DBFC266024A088F300673E11 /* Assets.xcassets in Resources */,
			);
			runOnlyForDeploymentPostprocessing = 0;
		};
/* End PBXResourcesBuildPhase section */

/* Begin PBXSourcesBuildPhase section */
		DBFC265224A088ED00673E11 /* Sources */ = {
			isa = PBXSourcesBuildPhase;
			buildActionMask = 2147483647;
			files = (
				DBFC266F24A0938F00673E11 /* Task.swift in Sources */,
				DBFC265A24A088ED00673E11 /* AppDelegate.swift in Sources */,
				DBFC265C24A088ED00673E11 /* SceneDelegate.swift in Sources */,
				DBFC265E24A088ED00673E11 /* TaskListView.swift in Sources */,
			);
			runOnlyForDeploymentPostprocessing = 0;
		};
/* End PBXSourcesBuildPhase section */

/* Begin PBXVariantGroup section */
		DBFC266424A088F300673E11 /* LaunchScreen.storyboard */ = {
			isa = PBXVariantGroup;
			children = (
				DBFC266524A088F300673E11 /* Base */,
			);
			name = LaunchScreen.storyboard;
			sourceTree = "<group>";
		};
/* End PBXVariantGroup section */

/* Begin XCBuildConfiguration section */
		DBFC266824A088F300673E11 /* Debug */ = {
			isa = XCBuildConfiguration;
			buildSettings = {
				ALWAYS_SEARCH_USER_PATHS = NO;
				CLANG_ANALYZER_NONNULL = YES;
				CLANG_ANALYZER_NUMBER_OBJECT_CONVERSION = YES_AGGRESSIVE;
				CLANG_CXX_LANGUAGE_STANDARD = "gnu++14";
				CLANG_CXX_LIBRARY = "libc++";
				CLANG_ENABLE_MODULES = YES;
				CLANG_ENABLE_OBJC_ARC = YES;
				CLANG_ENABLE_OBJC_WEAK = YES;
				CLANG_WARN_BLOCK_CAPTURE_AUTORELEASING = YES;
				CLANG_WARN_BOOL_CONVERSION = YES;
				CLANG_WARN_COMMA = YES;
				CLANG_WARN_CONSTANT_CONVERSION = YES;
				CLANG_WARN_DEPRECATED_OBJC_IMPLEMENTATIONS = YES;
				CLANG_WARN_DIRECT_OBJC_ISA_USAGE = YES_ERROR;
				CLANG_WARN_DOCUMENTATION_COMMENTS = YES;
				CLANG_WARN_EMPTY_BODY = YES;
				CLANG_WARN_ENUM_CONVERSION = YES;
				CLANG_WARN_INFINITE_RECURSION = YES;
				CLANG_WARN_INT_CONVERSION = YES;
				CLANG_WARN_NON_LITERAL_NULL_CONVERSION = YES;
				CLANG_WARN_OBJC_IMPLICIT_RETAIN_SELF = YES;
				CLANG_WARN_OBJC_LITERAL_CONVERSION = YES;
				CLANG_WARN_OBJC_ROOT_CLASS = YES_ERROR;
				CLANG_WARN_RANGE_LOOP_ANALYSIS = YES;
				CLANG_WARN_STRICT_PROTOTYPES = YES;
				CLANG_WARN_SUSPICIOUS_MOVE = YES;
				CLANG_WARN_UNGUARDED_AVAILABILITY = YES_AGGRESSIVE;
				CLANG_WARN_UNREACHABLE_CODE = YES;
				CLANG_WARN__DUPLICATE_METHOD_MATCH = YES;
				COPY_PHASE_STRIP = NO;
				DEBUG_INFORMATION_FORMAT = dwarf;
				ENABLE_STRICT_OBJC_MSGSEND = YES;
				ENABLE_TESTABILITY = YES;
				GCC_C_LANGUAGE_STANDARD = gnu11;
				GCC_DYNAMIC_NO_PIC = NO;
				GCC_NO_COMMON_BLOCKS = YES;
				GCC_OPTIMIZATION_LEVEL = 0;
				GCC_PREPROCESSOR_DEFINITIONS = (
					"DEBUG=1",
					"$(inherited)",
				);
				GCC_WARN_64_TO_32_BIT_CONVERSION = YES;
				GCC_WARN_ABOUT_RETURN_TYPE = YES_ERROR;
				GCC_WARN_UNDECLARED_SELECTOR = YES;
				GCC_WARN_UNINITIALIZED_AUTOS = YES_AGGRESSIVE;
				GCC_WARN_UNUSED_FUNCTION = YES;
				GCC_WARN_UNUSED_VARIABLE = YES;
				IPHONEOS_DEPLOYMENT_TARGET = 13.5;
				MTL_ENABLE_DEBUG_INFO = INCLUDE_SOURCE;
				MTL_FAST_MATH = YES;
				ONLY_ACTIVE_ARCH = YES;
				SDKROOT = iphoneos;
				SWIFT_ACTIVE_COMPILATION_CONDITIONS = DEBUG;
				SWIFT_OPTIMIZATION_LEVEL = "-Onone";
			};
			name = Debug;
		};
		DBFC266924A088F300673E11 /* Release */ = {
			isa = XCBuildConfiguration;
			buildSettings = {
				ALWAYS_SEARCH_USER_PATHS = NO;
				CLANG_ANALYZER_NONNULL = YES;
				CLANG_ANALYZER_NUMBER_OBJECT_CONVERSION = YES_AGGRESSIVE;
				CLANG_CXX_LANGUAGE_STANDARD = "gnu++14";
				CLANG_CXX_LIBRARY = "libc++";
				CLANG_ENABLE_MODULES = YES;
				CLANG_ENABLE_OBJC_ARC = YES;
				CLANG_ENABLE_OBJC_WEAK = YES;
				CLANG_WARN_BLOCK_CAPTURE_AUTORELEASING = YES;
				CLANG_WARN_BOOL_CONVERSION = YES;
				CLANG_WARN_COMMA = YES;
				CLANG_WARN_CONSTANT_CONVERSION = YES;
				CLANG_WARN_DEPRECATED_OBJC_IMPLEMENTATIONS = YES;
				CLANG_WARN_DIRECT_OBJC_ISA_USAGE = YES_ERROR;
				CLANG_WARN_DOCUMENTATION_COMMENTS = YES;
				CLANG_WARN_EMPTY_BODY = YES;
				CLANG_WARN_ENUM_CONVERSION = YES;
				CLANG_WARN_INFINITE_RECURSION = YES;
				CLANG_WARN_INT_CONVERSION = YES;
				CLANG_WARN_NON_LITERAL_NULL_CONVERSION = YES;
				CLANG_WARN_OBJC_IMPLICIT_RETAIN_SELF = YES;
				CLANG_WARN_OBJC_LITERAL_CONVERSION = YES;
				CLANG_WARN_OBJC_ROOT_CLASS = YES_ERROR;
				CLANG_WARN_RANGE_LOOP_ANALYSIS = YES;
				CLANG_WARN_STRICT_PROTOTYPES = YES;
				CLANG_WARN_SUSPICIOUS_MOVE = YES;
				CLANG_WARN_UNGUARDED_AVAILABILITY = YES_AGGRESSIVE;
				CLANG_WARN_UNREACHABLE_CODE = YES;
				CLANG_WARN__DUPLICATE_METHOD_MATCH = YES;
				COPY_PHASE_STRIP = NO;
				DEBUG_INFORMATION_FORMAT = "dwarf-with-dsym";
				ENABLE_NS_ASSERTIONS = NO;
				ENABLE_STRICT_OBJC_MSGSEND = YES;
				GCC_C_LANGUAGE_STANDARD = gnu11;
				GCC_NO_COMMON_BLOCKS = YES;
				GCC_WARN_64_TO_32_BIT_CONVERSION = YES;
				GCC_WARN_ABOUT_RETURN_TYPE = YES_ERROR;
				GCC_WARN_UNDECLARED_SELECTOR = YES;
				GCC_WARN_UNINITIALIZED_AUTOS = YES_AGGRESSIVE;
				GCC_WARN_UNUSED_FUNCTION = YES;
				GCC_WARN_UNUSED_VARIABLE = YES;
				IPHONEOS_DEPLOYMENT_TARGET = 13.5;
				MTL_ENABLE_DEBUG_INFO = NO;
				MTL_FAST_MATH = YES;
				SDKROOT = iphoneos;
				SWIFT_COMPILATION_MODE = wholemodule;
				SWIFT_OPTIMIZATION_LEVEL = "-O";
				VALIDATE_PRODUCT = YES;
			};
			name = Release;
		};
		DBFC266B24A088F300673E11 /* Debug */ = {
			isa = XCBuildConfiguration;
			buildSettings = {
				ASSETCATALOG_COMPILER_APPICON_NAME = AppIcon;
				CODE_SIGN_STYLE = Automatic;
				DEVELOPMENT_ASSET_PATHS = "\"swift-todo/Preview Content\"";
				DEVELOPMENT_TEAM = GVNF5RYY7S;
				ENABLE_PREVIEWS = YES;
				INFOPLIST_FILE = "swift-todo/Info.plist";
				LD_RUNPATH_SEARCH_PATHS = (
					"$(inherited)",
					"@executable_path/Frameworks",
				);
				PRODUCT_BUNDLE_IDENTIFIER = "co.nxt.swift-todo";
				PRODUCT_NAME = "$(TARGET_NAME)";
				SWIFT_VERSION = 5.0;
				TARGETED_DEVICE_FAMILY = "1,2";
			};
			name = Debug;
		};
		DBFC266C24A088F300673E11 /* Release */ = {
			isa = XCBuildConfiguration;
			buildSettings = {
				ASSETCATALOG_COMPILER_APPICON_NAME = AppIcon;
				CODE_SIGN_STYLE = Automatic;
				DEVELOPMENT_ASSET_PATHS = "\"swift-todo/Preview Content\"";
				DEVELOPMENT_TEAM = GVNF5RYY7S;
				ENABLE_PREVIEWS = YES;
				INFOPLIST_FILE = "swift-todo/Info.plist";
				LD_RUNPATH_SEARCH_PATHS = (
					"$(inherited)",
					"@executable_path/Frameworks",
				);
				PRODUCT_BUNDLE_IDENTIFIER = "co.nxt.swift-todo";
				PRODUCT_NAME = "$(TARGET_NAME)";
				SWIFT_VERSION = 5.0;
				TARGETED_DEVICE_FAMILY = "1,2";
			};
			name = Release;
		};
/* End XCBuildConfiguration section */

/* Begin XCConfigurationList section */
		DBFC265124A088ED00673E11 /* Build configuration list for PBXProject "swift-todo" */ = {
			isa = XCConfigurationList;
			buildConfigurations = (
				DBFC266824A088F300673E11 /* Debug */,
				DBFC266924A088F300673E11 /* Release */,
			);
			defaultConfigurationIsVisible = 0;
			defaultConfigurationName = Release;
		};
		DBFC266A24A088F300673E11 /* Build configuration list for PBXNativeTarget "swift-todo" */ = {
			isa = XCConfigurationList;
			buildConfigurations = (
				DBFC266B24A088F300673E11 /* Debug */,
				DBFC266C24A088F300673E11 /* Release */,
			);
			defaultConfigurationIsVisible = 0;
			defaultConfigurationName = Release;
		};
/* End XCConfigurationList section */
	};
	rootObject = DBFC264E24A088ED00673E11 /* Project object */;
}
